{
  "name": "mmm-mealplan",
  "version": "1.0.0",
  "lockfileVersion": 1,
  "requires": true,
  "dependencies": {
    "lokijs": {
      "version": "1.5.6",
      "resolved": "https://registry.npmjs.org/lokijs/-/lokijs-1.5.6.tgz",
      "integrity": "sha512-xJoDXy8TASTjmXMKr4F8vvNUCu4dqlwY5gmn0g5BajGt1GM3goDCafNiGAh/sfrWgkfWu1J4OfsxWm8yrWweJA=="
    }
  }
}
